
Microsoft Visual Studio Solution File, Format Version 12.00
# Visual Studio Version 17
VisualStudioVersion = 17.7.34031.279
MinimumVisualStudioVersion = 10.0.40219.1
Project("{FAE04EC0-301F-11D3-BF4B-00C04F79EFBC}") = "all_one_backend", "all_one_backend\all_one_backend.csproj", "{697ADC54-4736-4C34-B643-3AAA5805CB01}"
EndProject
Global
	GlobalSection(SolutionConfigurationPlatforms) = preSolution
		Debug|Any CPU = Debug|Any CPU
		Release|Any CPU = Release|Any CPU
	EndGlobalSection
	GlobalSection(ProjectConfigurationPlatforms) = postSolution
		{697ADC54-4736-4C34-B643-3AAA5805CB01}.Debug|Any CPU.ActiveCfg = Debug|Any CPU
		{697ADC54-4736-4C34-B643-3AAA5805CB01}.Debug|Any CPU.Build.0 = Debug|Any CPU
		{697ADC54-4736-4C34-B643-3AAA5805CB01}.Release|Any CPU.ActiveCfg = Release|Any CPU
		{697ADC54-4736-4C34-B643-3AAA5805CB01}.Release|Any CPU.Build.0 = Release|Any CPU
	EndGlobalSection
	GlobalSection(SolutionProperties) = preSolution
		HideSolutionNode = FALSE
	EndGlobalSection
	GlobalSection(ExtensibilityGlobals) = postSolution
		SolutionGuid = {62856267-66C0-4E27-BBA9-8CDFBA6BA3A3}
	EndGlobalSection
EndGlobal
